
Microsoft Visual Studio Solution File, Format Version 12.00
# Visual Studio Version 17
VisualStudioVersion = 17.14.36109.1 d17.14
MinimumVisualStudioVersion = 10.0.40219.1
Project("{FAE04EC0-301F-11D3-BF4B-00C04F79EFBC}") = "MyFirstMVCApp", "MyFirstMVCApp\MyFirstMVCApp.csproj", "{0963D5E1-4092-40DA-8E68-51FF478D02A3}"
EndProject
Global
	GlobalSection(SolutionConfigurationPlatforms) = preSolution
		Debug|Any CPU = Debug|Any CPU
		Release|Any CPU = Release|Any CPU
	EndGlobalSection
	GlobalSection(ProjectConfigurationPlatforms) = postSolution
		{0963D5E1-4092-40DA-8E68-51FF478D02A3}.Debug|Any CPU.ActiveCfg = Debug|Any CPU
		{0963D5E1-4092-40DA-8E68-51FF478D02A3}.Debug|Any CPU.Build.0 = Debug|Any CPU
		{0963D5E1-4092-40DA-8E68-51FF478D02A3}.Release|Any CPU.ActiveCfg = Release|Any CPU
		{0963D5E1-4092-40DA-8E68-51FF478D02A3}.Release|Any CPU.Build.0 = Release|Any CPU
	EndGlobalSection
	GlobalSection(SolutionProperties) = preSolution
		HideSolutionNode = FALSE
	EndGlobalSection
	GlobalSection(ExtensibilityGlobals) = postSolution
		SolutionGuid = {0B3E5DBE-3BBD-414D-9F86-5FBF2BBC5D13}
	EndGlobalSection
EndGlobal
