
Microsoft Visual Studio Solution File, Format Version 12.00
# Visual Studio Version 17
VisualStudioVersion = 17.8.34330.188
MinimumVisualStudioVersion = 10.0.40219.1
Project("{FAE04EC0-301F-11D3-BF4B-00C04F79EFBC}") = "ModelBinidingsAndDataAnnotations", "ModelBinidingsAndDataAnnotations\ModelBinidingsAndDataAnnotations.csproj", "{F43E1449-2ECD-478C-AC43-0CFA3EF06525}"
EndProject
Global
	GlobalSection(SolutionConfigurationPlatforms) = preSolution
		Debug|Any CPU = Debug|Any CPU
		Release|Any CPU = Release|Any CPU
	EndGlobalSection
	GlobalSection(ProjectConfigurationPlatforms) = postSolution
		{F43E1449-2ECD-478C-AC43-0CFA3EF06525}.Debug|Any CPU.ActiveCfg = Debug|Any CPU
		{F43E1449-2ECD-478C-AC43-0CFA3EF06525}.Debug|Any CPU.Build.0 = Debug|Any CPU
		{F43E1449-2ECD-478C-AC43-0CFA3EF06525}.Release|Any CPU.ActiveCfg = Release|Any CPU
		{F43E1449-2ECD-478C-AC43-0CFA3EF06525}.Release|Any CPU.Build.0 = Release|Any CPU
	EndGlobalSection
	GlobalSection(SolutionProperties) = preSolution
		HideSolutionNode = FALSE
	EndGlobalSection
	GlobalSection(ExtensibilityGlobals) = postSolution
		SolutionGuid = {D3C13E1B-A5C9-4AB3-BA77-7248756AF9F9}
	EndGlobalSection
EndGlobal
