
Microsoft Visual Studio Solution File, Format Version 12.00
# Visual Studio Version 17
VisualStudioVersion = 17.14.36203.30 d17.14
MinimumVisualStudioVersion = 10.0.40219.1
Project("{FAE04EC0-301F-11D3-BF4B-00C04F79EFBC}") = "Qinshift.Class04", "Qinshift.Class04.csproj", "{19459762-A36A-49AA-B618-87019BB0D6A3}"
EndProject
Global
	GlobalSection(SolutionConfigurationPlatforms) = preSolution
		Debug|Any CPU = Debug|Any CPU
		Release|Any CPU = Release|Any CPU
	EndGlobalSection
	GlobalSection(ProjectConfigurationPlatforms) = postSolution
		{19459762-A36A-49AA-B618-87019BB0D6A3}.Debug|Any CPU.ActiveCfg = Debug|Any CPU
		{19459762-A36A-49AA-B618-87019BB0D6A3}.Debug|Any CPU.Build.0 = Debug|Any CPU
		{19459762-A36A-49AA-B618-87019BB0D6A3}.Release|Any CPU.ActiveCfg = Release|Any CPU
		{19459762-A36A-49AA-B618-87019BB0D6A3}.Release|Any CPU.Build.0 = Release|Any CPU
	EndGlobalSection
	GlobalSection(SolutionProperties) = preSolution
		HideSolutionNode = FALSE
	EndGlobalSection
	GlobalSection(ExtensibilityGlobals) = postSolution
		SolutionGuid = {6E73079C-CB8C-435E-B5A4-9450E8D6B560}
	EndGlobalSection
EndGlobal
